
Microsoft Visual Studio Solution File, Format Version 12.00
# Visual Studio Version 17
VisualStudioVersion = 17.1.32421.90
MinimumVisualStudioVersion = 10.0.40219.1
Project("{FAE04EC0-301F-11D3-BF4B-00C04F79EFBC}") = "Login_Page", "Login_Page\Login_Page.csproj", "{11F279E4-07D1-4ABF-8AA2-5F03955E25CC}"
EndProject
Global
	GlobalSection(SolutionConfigurationPlatforms) = preSolution
		Debug|Any CPU = Debug|Any CPU
		Release|Any CPU = Release|Any CPU
	EndGlobalSection
	GlobalSection(ProjectConfigurationPlatforms) = postSolution
		{11F279E4-07D1-4ABF-8AA2-5F03955E25CC}.Debug|Any CPU.ActiveCfg = Debug|Any CPU
		{11F279E4-07D1-4ABF-8AA2-5F03955E25CC}.Debug|Any CPU.Build.0 = Debug|Any CPU
		{11F279E4-07D1-4ABF-8AA2-5F03955E25CC}.Release|Any CPU.ActiveCfg = Release|Any CPU
		{11F279E4-07D1-4ABF-8AA2-5F03955E25CC}.Release|Any CPU.Build.0 = Release|Any CPU
	EndGlobalSection
	GlobalSection(SolutionProperties) = preSolution
		HideSolutionNode = FALSE
	EndGlobalSection
	GlobalSection(ExtensibilityGlobals) = postSolution
		SolutionGuid = {416C2174-27A6-47C0-A12F-F75CE70720EF}
	EndGlobalSection
EndGlobal
